// !$*UTF8*$!
{
	archiveVersion = 1;
	classes = {
	};
	objectVersion = 48;
	objects = {

/* Begin PBXBuildFile section */
		349DB52618B371D800D87E8F /* Foundation.framework in Frameworks */ = {isa = PBXBuildFile; fileRef = 349DB52518B371D800D87E8F /* Foundation.framework */; };
		349DB52818B371D800D87E8F /* CoreGraphics.framework in Frameworks */ = {isa = PBXBuildFile; fileRef = 349DB52718B371D800D87E8F /* CoreGraphics.framework */; };
		349DB52A18B371D800D87E8F /* UIKit.framework in Frameworks */ = {isa = PBXBuildFile; fileRef = 349DB52918B371D800D87E8F /* UIKit.framework */; };
		349DB53018B371D800D87E8F /* InfoPlist.strings in Resources */ = {isa = PBXBuildFile; fileRef = 349DB52E18B371D800D87E8F /* InfoPlist.strings */; };
		349DB53218B371D800D87E8F /* main.m in Sources */ = {isa = PBXBuildFile; fileRef = 349DB53118B371D800D87E8F /* main.m */; };
		349DB53618B371D800D87E8F /* AppDelegate.m in Sources */ = {isa = PBXBuildFile; fileRef = 349DB53518B371D800D87E8F /* AppDelegate.m */; };
		349DB53918B371D800D87E8F /* Main_iPhone.storyboard in Resources */ = {isa = PBXBuildFile; fileRef = 349DB53718B371D800D87E8F /* Main_iPhone.storyboard */; };
		349DB53C18B371D800D87E8F /* Main_iPad.storyboard in Resources */ = {isa = PBXBuildFile; fileRef = 349DB53A18B371D800D87E8F /* Main_iPad.storyboard */; };
		349DB53F18B371D800D87E8F /* ViewController.m in Sources */ = {isa = PBXBuildFile; fileRef = 349DB53E18B371D800D87E8F /* ViewController.m */; };
		349DB54118B371D800D87E8F /* Images.xcassets in Resources */ = {isa = PBXBuildFile; fileRef = 349DB54018B371D800D87E8F /* Images.xcassets */; };
		349DB54818B371D800D87E8F /* XCTest.framework in Frameworks */ = {isa = PBXBuildFile; fileRef = 349DB54718B371D800D87E8F /* XCTest.framework */; };
		349DB54918B371D800D87E8F /* Foundation.framework in Frameworks */ = {isa = PBXBuildFile; fileRef = 349DB52518B371D800D87E8F /* Foundation.framework */; };
		349DB54A18B371D800D87E8F /* UIKit.framework in Frameworks */ = {isa = PBXBuildFile; fileRef = 349DB52918B371D800D87E8F /* UIKit.framework */; };
		349DB55218B371D800D87E8F /* InfoPlist.strings in Resources */ = {isa = PBXBuildFile; fileRef = 349DB55018B371D800D87E8F /* InfoPlist.strings */; };
		349DB55418B371D800D87E8F /* MondidoIOS_SDKTests.m in Sources */ = {isa = PBXBuildFile; fileRef = 349DB55318B371D800D87E8F /* MondidoIOS_SDKTests.m */; };
		349DB56118B3949600D87E8F /* MondidoBase.m in Sources */ = {isa = PBXBuildFile; fileRef = 349DB56018B3949600D87E8F /* MondidoBase.m */; };
		74534E38242A3D2300339688 /* WebKit.framework in Frameworks */ = {isa = PBXBuildFile; fileRef = 74534E37242A3D2300339688 /* WebKit.framework */; };
		74FCF13A2424CFB10086DE9E /* Launch Screen.storyboard in Resources */ = {isa = PBXBuildFile; fileRef = 74FCF1392424CFB10086DE9E /* Launch Screen.storyboard */; };
/* End PBXBuildFile section */

/* Begin PBXContainerItemProxy section */
		349DB54B18B371D800D87E8F /* PBXContainerItemProxy */ = {
			isa = PBXContainerItemProxy;
			containerPortal = 349DB51A18B371D800D87E8F /* Project object */;
			proxyType = 1;
			remoteGlobalIDString = 349DB52118B371D800D87E8F;
			remoteInfo = "MondidoIOS-SDK";
		};
/* End PBXContainerItemProxy section */

/* Begin PBXFileReference section */
		349DB52218B371D800D87E8F /* MondidoIOS-SDK.app */ = {isa = PBXFileReference; explicitFileType = wrapper.application; includeInIndex = 0; path = "MondidoIOS-SDK.app"; sourceTree = BUILT_PRODUCTS_DIR; };
		349DB52518B371D800D87E8F /* Foundation.framework */ = {isa = PBXFileReference; lastKnownFileType = wrapper.framework; name = Foundation.framework; path = System/Library/Frameworks/Foundation.framework; sourceTree = SDKROOT; };
		349DB52718B371D800D87E8F /* CoreGraphics.framework */ = {isa = PBXFileReference; lastKnownFileType = wrapper.framework; name = CoreGraphics.framework; path = System/Library/Frameworks/CoreGraphics.framework; sourceTree = SDKROOT; };
		349DB52918B371D800D87E8F /* UIKit.framework */ = {isa = PBXFileReference; lastKnownFileType = wrapper.framework; name = UIKit.framework; path = System/Library/Frameworks/UIKit.framework; sourceTree = SDKROOT; };
		349DB52D18B371D800D87E8F /* MondidoIOS-SDK-Info.plist */ = {isa = PBXFileReference; lastKnownFileType = text.plist.xml; path = "MondidoIOS-SDK-Info.plist"; sourceTree = "<group>"; };
		349DB52F18B371D800D87E8F /* en */ = {isa = PBXFileReference; lastKnownFileType = text.plist.strings; name = en; path = en.lproj/InfoPlist.strings; sourceTree = "<group>"; };
		349DB53118B371D800D87E8F /* main.m */ = {isa = PBXFileReference; lastKnownFileType = sourcecode.c.objc; path = main.m; sourceTree = "<group>"; };
		349DB53318B371D800D87E8F /* MondidoIOS-SDK-Prefix.pch */ = {isa = PBXFileReference; lastKnownFileType = sourcecode.c.h; path = "MondidoIOS-SDK-Prefix.pch"; sourceTree = "<group>"; };
		349DB53418B371D800D87E8F /* AppDelegate.h */ = {isa = PBXFileReference; lastKnownFileType = sourcecode.c.h; path = AppDelegate.h; sourceTree = "<group>"; };
		349DB53518B371D800D87E8F /* AppDelegate.m */ = {isa = PBXFileReference; lastKnownFileType = sourcecode.c.objc; path = AppDelegate.m; sourceTree = "<group>"; };
		349DB53818B371D800D87E8F /* Base */ = {isa = PBXFileReference; lastKnownFileType = file.storyboard; name = Base; path = Base.lproj/Main_iPhone.storyboard; sourceTree = "<group>"; };
		349DB53B18B371D800D87E8F /* Base */ = {isa = PBXFileReference; lastKnownFileType = file.storyboard; name = Base; path = Base.lproj/Main_iPad.storyboard; sourceTree = "<group>"; };
		349DB53D18B371D800D87E8F /* ViewController.h */ = {isa = PBXFileReference; lastKnownFileType = sourcecode.c.h; path = ViewController.h; sourceTree = "<group>"; };
		349DB53E18B371D800D87E8F /* ViewController.m */ = {isa = PBXFileReference; lastKnownFileType = sourcecode.c.objc; path = ViewController.m; sourceTree = "<group>"; };
		349DB54018B371D800D87E8F /* Images.xcassets */ = {isa = PBXFileReference; lastKnownFileType = folder.assetcatalog; path = Images.xcassets; sourceTree = "<group>"; };
		349DB54618B371D800D87E8F /* MondidoIOS-SDKTests.xctest */ = {isa = PBXFileReference; explicitFileType = wrapper.cfbundle; includeInIndex = 0; path = "MondidoIOS-SDKTests.xctest"; sourceTree = BUILT_PRODUCTS_DIR; };
		349DB54718B371D800D87E8F /* XCTest.framework */ = {isa = PBXFileReference; lastKnownFileType = wrapper.framework; name = XCTest.framework; path = Library/Frameworks/XCTest.framework; sourceTree = DEVELOPER_DIR; };
		349DB54F18B371D800D87E8F /* MondidoIOS-SDKTests-Info.plist */ = {isa = PBXFileReference; lastKnownFileType = text.plist.xml; path = "MondidoIOS-SDKTests-Info.plist"; sourceTree = "<group>"; };
		349DB55118B371D800D87E8F /* en */ = {isa = PBXFileReference; lastKnownFileType = text.plist.strings; name = en; path = en.lproj/InfoPlist.strings; sourceTree = "<group>"; };
		349DB55318B371D800D87E8F /* MondidoIOS_SDKTests.m */ = {isa = PBXFileReference; lastKnownFileType = sourcecode.c.objc; path = MondidoIOS_SDKTests.m; sourceTree = "<group>"; };
		349DB55F18B3949600D87E8F /* MondidoBase.h */ = {isa = PBXFileReference; fileEncoding = 4; lastKnownFileType = sourcecode.c.h; path = MondidoBase.h; sourceTree = "<group>"; };
		349DB56018B3949600D87E8F /* MondidoBase.m */ = {isa = PBXFileReference; fileEncoding = 4; lastKnownFileType = sourcecode.c.objc; path = MondidoBase.m; sourceTree = "<group>"; };
		74534E37242A3D2300339688 /* WebKit.framework */ = {isa = PBXFileReference; lastKnownFileType = wrapper.framework; name = WebKit.framework; path = System/Library/Frameworks/WebKit.framework; sourceTree = SDKROOT; };
		74FCF1392424CFB10086DE9E /* Launch Screen.storyboard */ = {isa = PBXFileReference; lastKnownFileType = file.storyboard; path = "Launch Screen.storyboard"; sourceTree = "<group>"; };
/* End PBXFileReference section */

/* Begin PBXFrameworksBuildPhase section */
		349DB51F18B371D800D87E8F /* Frameworks */ = {
			isa = PBXFrameworksBuildPhase;
			buildActionMask = 2147483647;
			files = (
				349DB52818B371D800D87E8F /* CoreGraphics.framework in Frameworks */,
				349DB52A18B371D800D87E8F /* UIKit.framework in Frameworks */,
				74534E38242A3D2300339688 /* WebKit.framework in Frameworks */,
				349DB52618B371D800D87E8F /* Foundation.framework in Frameworks */,
			);
			runOnlyForDeploymentPostprocessing = 0;
		};
		349DB54318B371D800D87E8F /* Frameworks */ = {
			isa = PBXFrameworksBuildPhase;
			buildActionMask = 2147483647;
			files = (
				349DB54818B371D800D87E8F /* XCTest.framework in Frameworks */,
				349DB54A18B371D800D87E8F /* UIKit.framework in Frameworks */,
				349DB54918B371D800D87E8F /* Foundation.framework in Frameworks */,
			);
			runOnlyForDeploymentPostprocessing = 0;
		};
/* End PBXFrameworksBuildPhase section */

/* Begin PBXGroup section */
		349DB51918B371D800D87E8F = {
			isa = PBXGroup;
			children = (
				349DB52B18B371D800D87E8F /* MondidoIOS-SDK */,
				349DB54D18B371D800D87E8F /* MondidoIOS-SDKTests */,
				349DB52418B371D800D87E8F /* Frameworks */,
				349DB52318B371D800D87E8F /* Products */,
			);
			sourceTree = "<group>";
		};
		349DB52318B371D800D87E8F /* Products */ = {
			isa = PBXGroup;
			children = (
				349DB52218B371D800D87E8F /* MondidoIOS-SDK.app */,
				349DB54618B371D800D87E8F /* MondidoIOS-SDKTests.xctest */,
			);
			name = Products;
			sourceTree = "<group>";
		};
		349DB52418B371D800D87E8F /* Frameworks */ = {
			isa = PBXGroup;
			children = (
				74534E37242A3D2300339688 /* WebKit.framework */,
				349DB52518B371D800D87E8F /* Foundation.framework */,
				349DB52718B371D800D87E8F /* CoreGraphics.framework */,
				349DB52918B371D800D87E8F /* UIKit.framework */,
				349DB54718B371D800D87E8F /* XCTest.framework */,
			);
			name = Frameworks;
			sourceTree = "<group>";
		};
		349DB52B18B371D800D87E8F /* MondidoIOS-SDK */ = {
			isa = PBXGroup;
			children = (
				349DB55E18B3944F00D87E8F /* Lib */,
				349DB53418B371D800D87E8F /* AppDelegate.h */,
				349DB53518B371D800D87E8F /* AppDelegate.m */,
				74FCF1392424CFB10086DE9E /* Launch Screen.storyboard */,
				349DB53718B371D800D87E8F /* Main_iPhone.storyboard */,
				349DB53A18B371D800D87E8F /* Main_iPad.storyboard */,
				349DB53D18B371D800D87E8F /* ViewController.h */,
				349DB53E18B371D800D87E8F /* ViewController.m */,
				349DB54018B371D800D87E8F /* Images.xcassets */,
				349DB52C18B371D800D87E8F /* Supporting Files */,
			);
			path = "MondidoIOS-SDK";
			sourceTree = "<group>";
		};
		349DB52C18B371D800D87E8F /* Supporting Files */ = {
			isa = PBXGroup;
			children = (
				349DB52D18B371D800D87E8F /* MondidoIOS-SDK-Info.plist */,
				349DB52E18B371D800D87E8F /* InfoPlist.strings */,
				349DB53118B371D800D87E8F /* main.m */,
				349DB53318B371D800D87E8F /* MondidoIOS-SDK-Prefix.pch */,
			);
			name = "Supporting Files";
			sourceTree = "<group>";
		};
		349DB54D18B371D800D87E8F /* MondidoIOS-SDKTests */ = {
			isa = PBXGroup;
			children = (
				349DB55318B371D800D87E8F /* MondidoIOS_SDKTests.m */,
				349DB54E18B371D800D87E8F /* Supporting Files */,
			);
			path = "MondidoIOS-SDKTests";
			sourceTree = "<group>";
		};
		349DB54E18B371D800D87E8F /* Supporting Files */ = {
			isa = PBXGroup;
			children = (
				349DB54F18B371D800D87E8F /* MondidoIOS-SDKTests-Info.plist */,
				349DB55018B371D800D87E8F /* InfoPlist.strings */,
			);
			name = "Supporting Files";
			sourceTree = "<group>";
		};
		349DB55E18B3944F00D87E8F /* Lib */ = {
			isa = PBXGroup;
			children = (
				349DB55F18B3949600D87E8F /* MondidoBase.h */,
				349DB56018B3949600D87E8F /* MondidoBase.m */,
			);
			name = Lib;
			sourceTree = "<group>";
		};
/* End PBXGroup section */

/* Begin PBXNativeTarget section */
		349DB52118B371D800D87E8F /* MondidoIOS-SDK */ = {
			isa = PBXNativeTarget;
			buildConfigurationList = 349DB55718B371D800D87E8F /* Build configuration list for PBXNativeTarget "MondidoIOS-SDK" */;
			buildPhases = (
				349DB51E18B371D800D87E8F /* Sources */,
				349DB51F18B371D800D87E8F /* Frameworks */,
				349DB52018B371D800D87E8F /* Resources */,
			);
			buildRules = (
			);
			dependencies = (
			);
			name = "MondidoIOS-SDK";
			productName = "MondidoIOS-SDK";
			productReference = 349DB52218B371D800D87E8F /* MondidoIOS-SDK.app */;
			productType = "com.apple.product-type.application";
		};
		349DB54518B371D800D87E8F /* MondidoIOS-SDKTests */ = {
			isa = PBXNativeTarget;
			buildConfigurationList = 349DB55A18B371D800D87E8F /* Build configuration list for PBXNativeTarget "MondidoIOS-SDKTests" */;
			buildPhases = (
				349DB54218B371D800D87E8F /* Sources */,
				349DB54318B371D800D87E8F /* Frameworks */,
				349DB54418B371D800D87E8F /* Resources */,
			);
			buildRules = (
			);
			dependencies = (
				349DB54C18B371D800D87E8F /* PBXTargetDependency */,
			);
			name = "MondidoIOS-SDKTests";
			productName = "MondidoIOS-SDKTests";
			productReference = 349DB54618B371D800D87E8F /* MondidoIOS-SDKTests.xctest */;
			productType = "com.apple.product-type.bundle.unit-test";
		};
/* End PBXNativeTarget section */

/* Begin PBXProject section */
		349DB51A18B371D800D87E8F /* Project object */ = {
			isa = PBXProject;
			attributes = {
				LastUpgradeCheck = 1130;
				ORGANIZATIONNAME = "Mondido Payments";
				TargetAttributes = {
					349DB52118B371D800D87E8F = {
						DevelopmentTeam = W52596F27C;
					};
					349DB54518B371D800D87E8F = {
						TestTargetID = 349DB52118B371D800D87E8F;
					};
				};
			};
			buildConfigurationList = 349DB51D18B371D800D87E8F /* Build configuration list for PBXProject "MondidoIOS-SDK" */;
			compatibilityVersion = "Xcode 8.0";
			developmentRegion = en;
			hasScannedForEncodings = 0;
			knownRegions = (
				en,
				Base,
			);
			mainGroup = 349DB51918B371D800D87E8F;
			productRefGroup = 349DB52318B371D800D87E8F /* Products */;
			projectDirPath = "";
			projectRoot = "";
			targets = (
				349DB52118B371D800D87E8F /* MondidoIOS-SDK */,
				349DB54518B371D800D87E8F /* MondidoIOS-SDKTests */,
			);
		};
/* End PBXProject section */

/* Begin PBXResourcesBuildPhase section */
		349DB52018B371D800D87E8F /* Resources */ = {
			isa = PBXResourcesBuildPhase;
			buildActionMask = 2147483647;
			files = (
				349DB53C18B371D800D87E8F /* Main_iPad.storyboard in Resources */,
				349DB54118B371D800D87E8F /* Images.xcassets in Resources */,
				349DB53918B371D800D87E8F /* Main_iPhone.storyboard in Resources */,
				74FCF13A2424CFB10086DE9E /* Launch Screen.storyboard in Resources */,
				349DB53018B371D800D87E8F /* InfoPlist.strings in Resources */,
			);
			runOnlyForDeploymentPostprocessing = 0;
		};
		349DB54418B371D800D87E8F /* Resources */ = {
			isa = PBXResourcesBuildPhase;
			buildActionMask = 2147483647;
			files = (
				349DB55218B371D800D87E8F /* InfoPlist.strings in Resources */,
			);
			runOnlyForDeploymentPostprocessing = 0;
		};
/* End PBXResourcesBuildPhase section */

/* Begin PBXSourcesBuildPhase section */
		349DB51E18B371D800D87E8F /* Sources */ = {
			isa = PBXSourcesBuildPhase;
			buildActionMask = 2147483647;
			files = (
				349DB53F18B371D800D87E8F /* ViewController.m in Sources */,
				349DB56118B3949600D87E8F /* MondidoBase.m in Sources */,
				349DB53618B371D800D87E8F /* AppDelegate.m in Sources */,
				349DB53218B371D800D87E8F /* main.m in Sources */,
			);
			runOnlyForDeploymentPostprocessing = 0;
		};
		349DB54218B371D800D87E8F /* Sources */ = {
			isa = PBXSourcesBuildPhase;
			buildActionMask = 2147483647;
			files = (
				349DB55418B371D800D87E8F /* MondidoIOS_SDKTests.m in Sources */,
			);
			runOnlyForDeploymentPostprocessing = 0;
		};
/* End PBXSourcesBuildPhase section */

/* Begin PBXTargetDependency section */
		349DB54C18B371D800D87E8F /* PBXTargetDependency */ = {
			isa = PBXTargetDependency;
			target = 349DB52118B371D800D87E8F /* MondidoIOS-SDK */;
			targetProxy = 349DB54B18B371D800D87E8F /* PBXContainerItemProxy */;
		};
/* End PBXTargetDependency section */

/* Begin PBXVariantGroup section */
		349DB52E18B371D800D87E8F /* InfoPlist.strings */ = {
			isa = PBXVariantGroup;
			children = (
				349DB52F18B371D800D87E8F /* en */,
			);
			name = InfoPlist.strings;
			sourceTree = "<group>";
		};
		349DB53718B371D800D87E8F /* Main_iPhone.storyboard */ = {
			isa = PBXVariantGroup;
			children = (
				349DB53818B371D800D87E8F /* Base */,
			);
			name = Main_iPhone.storyboard;
			sourceTree = "<group>";
		};
		349DB53A18B371D800D87E8F /* Main_iPad.storyboard */ = {
			isa = PBXVariantGroup;
			children = (
				349DB53B18B371D800D87E8F /* Base */,
			);
			name = Main_iPad.storyboard;
			sourceTree = "<group>";
		};
		349DB55018B371D800D87E8F /* InfoPlist.strings */ = {
			isa = PBXVariantGroup;
			children = (
				349DB55118B371D800D87E8F /* en */,
			);
			name = InfoPlist.strings;
			sourceTree = "<group>";
		};
/* End PBXVariantGroup section */

/* Begin XCBuildConfiguration section */
		349DB55518B371D800D87E8F /* Debug */ = {
			isa = XCBuildConfiguration;
			buildSettings = {
				ALWAYS_SEARCH_USER_PATHS = NO;
				CLANG_ANALYZER_LOCALIZABILITY_NONLOCALIZED = YES;
				CLANG_CXX_LANGUAGE_STANDARD = "gnu++0x";
				CLANG_CXX_LIBRARY = "libc++";
				CLANG_ENABLE_MODULES = YES;
				CLANG_ENABLE_OBJC_ARC = YES;
				CLANG_WARN_BLOCK_CAPTURE_AUTORELEASING = YES;
				CLANG_WARN_BOOL_CONVERSION = YES;
				CLANG_WARN_COMMA = YES;
				CLANG_WARN_CONSTANT_CONVERSION = YES;
				CLANG_WARN_DEPRECATED_OBJC_IMPLEMENTATIONS = YES;
				CLANG_WARN_DIRECT_OBJC_ISA_USAGE = YES_ERROR;
				CLANG_WARN_EMPTY_BODY = YES;
				CLANG_WARN_ENUM_CONVERSION = YES;
				CLANG_WARN_INFINITE_RECURSION = YES;
				CLANG_WARN_INT_CONVERSION = YES;
				CLANG_WARN_NON_LITERAL_NULL_CONVERSION = YES;
				CLANG_WARN_OBJC_IMPLICIT_RETAIN_SELF = YES;
				CLANG_WARN_OBJC_LITERAL_CONVERSION = YES;
				CLANG_WARN_OBJC_ROOT_CLASS = YES_ERROR;
				CLANG_WARN_RANGE_LOOP_ANALYSIS = YES;
				CLANG_WARN_STRICT_PROTOTYPES = YES;
				CLANG_WARN_SUSPICIOUS_MOVE = YES;
				CLANG_WARN_UNREACHABLE_CODE = YES;
				CLANG_WARN__DUPLICATE_METHOD_MATCH = YES;
				"CODE_SIGN_IDENTITY[sdk=iphoneos*]" = "iPhone Developer";
				COPY_PHASE_STRIP = NO;
				ENABLE_STRICT_OBJC_MSGSEND = YES;
				ENABLE_TESTABILITY = YES;
				GCC_C_LANGUAGE_STANDARD = gnu99;
				GCC_DYNAMIC_NO_PIC = NO;
				GCC_NO_COMMON_BLOCKS = YES;
				GCC_OPTIMIZATION_LEVEL = 0;
				GCC_PREPROCESSOR_DEFINITIONS = (
					"DEBUG=1",
					"$(inherited)",
				);
				GCC_SYMBOLS_PRIVATE_EXTERN = NO;
				GCC_WARN_64_TO_32_BIT_CONVERSION = YES;
				GCC_WARN_ABOUT_RETURN_TYPE = YES_ERROR;
				GCC_WARN_UNDECLARED_SELECTOR = YES;
				GCC_WARN_UNINITIALIZED_AUTOS = YES;
				GCC_WARN_UNUSED_FUNCTION = YES;
				GCC_WARN_UNUSED_VARIABLE = YES;
				IPHONEOS_DEPLOYMENT_TARGET = 9.0;
				ONLY_ACTIVE_ARCH = YES;
				SDKROOT = iphoneos;
				TARGETED_DEVICE_FAMILY = "1,2";
			};
			name = Debug;
		};
		349DB55618B371D800D87E8F /* Release */ = {
			isa = XCBuildConfiguration;
			buildSettings = {
				ALWAYS_SEARCH_USER_PATHS = NO;
				CLANG_ANALYZER_LOCALIZABILITY_NONLOCALIZED = YES;
				CLANG_CXX_LANGUAGE_STANDARD = "gnu++0x";
				CLANG_CXX_LIBRARY = "libc++";
				CLANG_ENABLE_MODULES = YES;
				CLANG_ENABLE_OBJC_ARC = YES;
				CLANG_WARN_BLOCK_CAPTURE_AUTORELEASING = YES;
				CLANG_WARN_BOOL_CONVERSION = YES;
				CLANG_WARN_COMMA = YES;
				CLANG_WARN_CONSTANT_CONVERSION = YES;
				CLANG_WARN_DEPRECATED_OBJC_IMPLEMENTATIONS = YES;
				CLANG_WARN_DIRECT_OBJC_ISA_USAGE = YES_ERROR;
				CLANG_WARN_EMPTY_BODY = YES;
				CLANG_WARN_ENUM_CONVERSION = YES;
				CLANG_WARN_INFINITE_RECURSION = YES;
				CLANG_WARN_INT_CONVERSION = YES;
				CLANG_WARN_NON_LITERAL_NULL_CONVERSION = YES;
				CLANG_WARN_OBJC_IMPLICIT_RETAIN_SELF = YES;
				CLANG_WARN_OBJC_LITERAL_CONVERSION = YES;
				CLANG_WARN_OBJC_ROOT_CLASS = YES_ERROR;
				CLANG_WARN_RANGE_LOOP_ANALYSIS = YES;
				CLANG_WARN_STRICT_PROTOTYPES = YES;
				CLANG_WARN_SUSPICIOUS_MOVE = YES;
				CLANG_WARN_UNREACHABLE_CODE = YES;
				CLANG_WARN__DUPLICATE_METHOD_MATCH = YES;
				"CODE_SIGN_IDENTITY[sdk=iphoneos*]" = "iPhone Developer";
				COPY_PHASE_STRIP = YES;
				ENABLE_NS_ASSERTIONS = NO;
				ENABLE_STRICT_OBJC_MSGSEND = YES;
				GCC_C_LANGUAGE_STANDARD = gnu99;
				GCC_NO_COMMON_BLOCKS = YES;
				GCC_WARN_64_TO_32_BIT_CONVERSION = YES;
				GCC_WARN_ABOUT_RETURN_TYPE = YES_ERROR;
				GCC_WARN_UNDECLARED_SELECTOR = YES;
				GCC_WARN_UNINITIALIZED_AUTOS = YES;
				GCC_WARN_UNUSED_FUNCTION = YES;
				GCC_WARN_UNUSED_VARIABLE = YES;
				IPHONEOS_DEPLOYMENT_TARGET = 9.0;
				SDKROOT = iphoneos;
				TARGETED_DEVICE_FAMILY = "1,2";
				VALIDATE_PRODUCT = YES;
			};
			name = Release;
		};
		349DB55818B371D800D87E8F /* Debug */ = {
			isa = XCBuildConfiguration;
			buildSettings = {
				ASSETCATALOG_COMPILER_APPICON_NAME = AppIcon;
				CLANG_ENABLE_OBJC_ARC = YES;
				CODE_SIGN_IDENTITY = "iPhone Developer";
				"CODE_SIGN_IDENTITY[sdk=iphoneos*]" = "iPhone Developer";
				CURRENT_PROJECT_VERSION = 1.4;
				GCC_PRECOMPILE_PREFIX_HEADER = YES;
				GCC_PREFIX_HEADER = "MondidoIOS-SDK/MondidoIOS-SDK-Prefix.pch";
				INFOPLIST_FILE = "MondidoIOS-SDK/MondidoIOS-SDK-Info.plist";
				IPHONEOS_DEPLOYMENT_TARGET = 11.0;
				MARKETING_VERSION = 1.4;
				PRODUCT_BUNDLE_IDENTIFIER = "com.sugarcubesolutions.${PRODUCT_NAME:rfc1034identifier}";
				PRODUCT_NAME = "$(TARGET_NAME)";
				PROVISIONING_PROFILE = "";
				WRAPPER_EXTENSION = app;
			};
			name = Debug;
		};
		349DB55918B371D800D87E8F /* Release */ = {
			isa = XCBuildConfiguration;
			buildSettings = {
				ASSETCATALOG_COMPILER_APPICON_NAME = AppIcon;
				CLANG_ENABLE_OBJC_ARC = YES;
				CODE_SIGN_IDENTITY = "iPhone Developer";
				"CODE_SIGN_IDENTITY[sdk=iphoneos*]" = "iPhone Developer";
				CURRENT_PROJECT_VERSION = 1.4;
				GCC_PRECOMPILE_PREFIX_HEADER = YES;
				GCC_PREFIX_HEADER = "MondidoIOS-SDK/MondidoIOS-SDK-Prefix.pch";
				INFOPLIST_FILE = "MondidoIOS-SDK/MondidoIOS-SDK-Info.plist";
				IPHONEOS_DEPLOYMENT_TARGET = 11.0;
				MARKETING_VERSION = 1.4;
				PRODUCT_BUNDLE_IDENTIFIER = "com.sugarcubesolutions.${PRODUCT_NAME:rfc1034identifier}";
				PRODUCT_NAME = "$(TARGET_NAME)";
				PROVISIONING_PROFILE = "";
				WRAPPER_EXTENSION = app;
			};
			name = Release;
		};
		349DB55B18B371D800D87E8F /* Debug */ = {
			isa = XCBuildConfiguration;
			buildSettings = {
				BUNDLE_LOADER = "$(BUILT_PRODUCTS_DIR)/MondidoIOS-SDK.app/MondidoIOS-SDK";
				CLANG_ENABLE_OBJC_ARC = YES;
				FRAMEWORK_SEARCH_PATHS = (
					"$(SDKROOT)/Developer/Library/Frameworks",
					"$(inherited)",
					"$(DEVELOPER_FRAMEWORKS_DIR)",
				);
				GCC_PRECOMPILE_PREFIX_HEADER = YES;
				GCC_PREFIX_HEADER = "MondidoIOS-SDK/MondidoIOS-SDK-Prefix.pch";
				GCC_PREPROCESSOR_DEFINITIONS = (
					"DEBUG=1",
					"$(inherited)",
				);
				INFOPLIST_FILE = "MondidoIOS-SDKTests/MondidoIOS-SDKTests-Info.plist";
				PRODUCT_BUNDLE_IDENTIFIER = "com.sugarcubesolutions.${PRODUCT_NAME:rfc1034identifier}";
				PRODUCT_NAME = "$(TARGET_NAME)";
				TEST_HOST = "$(BUNDLE_LOADER)";
				WRAPPER_EXTENSION = xctest;
			};
			name = Debug;
		};
		349DB55C18B371D800D87E8F /* Release */ = {
			isa = XCBuildConfiguration;
			buildSettings = {
				BUNDLE_LOADER = "$(BUILT_PRODUCTS_DIR)/MondidoIOS-SDK.app/MondidoIOS-SDK";
				CLANG_ENABLE_OBJC_ARC = YES;
				FRAMEWORK_SEARCH_PATHS = (
					"$(SDKROOT)/Developer/Library/Frameworks",
					"$(inherited)",
					"$(DEVELOPER_FRAMEWORKS_DIR)",
				);
				GCC_PRECOMPILE_PREFIX_HEADER = YES;
				GCC_PREFIX_HEADER = "MondidoIOS-SDK/MondidoIOS-SDK-Prefix.pch";
				INFOPLIST_FILE = "MondidoIOS-SDKTests/MondidoIOS-SDKTests-Info.plist";
				PRODUCT_BUNDLE_IDENTIFIER = "com.sugarcubesolutions.${PRODUCT_NAME:rfc1034identifier}";
				PRODUCT_NAME = "$(TARGET_NAME)";
				TEST_HOST = "$(BUNDLE_LOADER)";
				WRAPPER_EXTENSION = xctest;
			};
			name = Release;
		};
/* End XCBuildConfiguration section */

/* Begin XCConfigurationList section */
		349DB51D18B371D800D87E8F /* Build configuration list for PBXProject "MondidoIOS-SDK" */ = {
			isa = XCConfigurationList;
			buildConfigurations = (
				349DB55518B371D800D87E8F /* Debug */,
				349DB55618B371D800D87E8F /* Release */,
			);
			defaultConfigurationIsVisible = 0;
			defaultConfigurationName = Debug;
		};
		349DB55718B371D800D87E8F /* Build configuration list for PBXNativeTarget "MondidoIOS-SDK" */ = {
			isa = XCConfigurationList;
			buildConfigurations = (
				349DB55818B371D800D87E8F /* Debug */,
				349DB55918B371D800D87E8F /* Release */,
			);
			defaultConfigurationIsVisible = 0;
			defaultConfigurationName = Debug;
		};
		349DB55A18B371D800D87E8F /* Build configuration list for PBXNativeTarget "MondidoIOS-SDKTests" */ = {
			isa = XCConfigurationList;
			buildConfigurations = (
				349DB55B18B371D800D87E8F /* Debug */,
				349DB55C18B371D800D87E8F /* Release */,
			);
			defaultConfigurationIsVisible = 0;
			defaultConfigurationName = Debug;
		};
/* End XCConfigurationList section */
	};
	rootObject = 349DB51A18B371D800D87E8F /* Project object */;
}
